
Microsoft Visual Studio Solution File, Format Version 12.00
# Visual Studio 2012
Project("{FAE04EC0-301F-11D3-BF4B-00C04F79EFBC}") = "RC8 with ORiN", "RC8 with ORiN\RC8 with ORiN.csproj", "{3FE09FE2-8300-4C0C-8823-137B1918B88C}"
EndProject
Global
	GlobalSection(SolutionConfigurationPlatforms) = preSolution
		Debug|Any CPU = Debug|Any CPU
		Release|Any CPU = Release|Any CPU
	EndGlobalSection
	GlobalSection(ProjectConfigurationPlatforms) = postSolution
		{3FE09FE2-8300-4C0C-8823-137B1918B88C}.Debug|Any CPU.ActiveCfg = Debug|Any CPU
		{3FE09FE2-8300-4C0C-8823-137B1918B88C}.Debug|Any CPU.Build.0 = Debug|Any CPU
		{3FE09FE2-8300-4C0C-8823-137B1918B88C}.Release|Any CPU.ActiveCfg = Release|Any CPU
		{3FE09FE2-8300-4C0C-8823-137B1918B88C}.Release|Any CPU.Build.0 = Release|Any CPU
	EndGlobalSection
	GlobalSection(SolutionProperties) = preSolution
		HideSolutionNode = FALSE
	EndGlobalSection
EndGlobal
